[keyvalue]
path = "../../../wit/deps/keyvalue"
sha256 = "d2de617fe31ec0abc6072f75f97dd22bf95b3231d5b3111471d73871df9081cd"
sha512 = "6f0b4e44c684d760c54552e2bde9bc976e0a4f6525fc1d47acb98625e030847276436242f42a41f4da1bb9169fb2968c53d659d61af9b2f709f4eb6f9880e2c7"

[messaging]
path = "../../../wit/deps/messaging"
sha256 = "78a631ca15186602187fc5b4e5686e08ed4b412253d5112d37d7641aca4f4149"
sha512 = "62d5df0f892b41ce704f7b989e85cad4743599b275f6e11fdb13a63be9079f5dfbf19d3198ef1824e2571381fe1061e699dad91b950c1c219d685d70a55e955a"

[signature]
path = "../../../wit/deps/signature"
sha256 = "a6c5c32bdcb4af4847451b46760c4e4782e1181c07e52eaef1678f6404b078b2"
sha512 = "ded2d488566d2b8899615369783a3dcfd0a3216d71c80e358a7aad533dad1cfdd39b7b7f7c55cf3c0dbc1265d7c51f256a120013e30264434ffb61512c66db96"

[sql]
path = "../../../wit/deps/sql"
sha256 = "b059c4b9951f656e24af3eff9f3dfedd2e45ffa3462bf5ddc17d8c51f757c315"
sha512 = "cda940f0c995286ed6286ca40706e1811db1fc451f223b63db55edbf47deadff80e5be9fdef3fb3d307161df1671cbca399c6af2006a3498030b0d61bb5a0de1"
