[blobstore]
path = "../../../wit/deps/blobstore"
sha256 = "fcfbc43fa957ffb03bb20d69c381ad40a9fafbade85b9bef40523e3f21e928d8"
sha512 = "fe15dd312e72c00ec7bd66fead09206d18a77807a0fb2f162e17e3ea624cabd84c4827dd4847404f52b960811f0169fca753a2ddb429dc340c4493d60fef24f3"

[docdb]
path = "../../../wit/deps/docdb"
sha256 = "5a108c69caba7d56d23a31e3119fbd273bd4fa7eaaa5d4e5b0fc965e5b221bb8"
sha512 = "1b73972a773cbe9186d3d814e407b80b9f023a06e27925933a90d89ae9b453727448ed06495b2681245d020b15d8dffd427b681dbc1dc9534222d5bc5da9a31f"

[io]
path = "../../../wit/deps/io"
sha256 = "a9b5f9301f467f53a79ff2d6975a16e167cd1b6b1c021ffac5ad365498bd0119"
sha512 = "5561ad1fa09cd15b1f10a3b378cda45da8144238fdb3981e283b6a9bcbe86eb94b328db659ec2b3ee6bc0aa456c8b127556c79b155a910aa6e45385b59386876"

[keyvalue]
path = "../../../wit/deps/keyvalue"
sha256 = "9e768e208d54d10013208aacde87209d1288d2290250c1a998e4e544ba2bb4b2"
sha512 = "cb066fbf85173abc614fc30f60c85fb09c5605e5f3653160017b5a6acf44ee4968bfbde31571333b70ae962e73bbffb8b439ff1b43b371e1aaa36d39c7b732a8"

[messaging]
path = "../../../wit/deps/messaging"
sha256 = "ade4155d957cce88f4468f534d7f8aa036f4a49aa742a5223cd7760eb0438202"
sha512 = "b6b4a4c5cf944caecaa095b64190d0a770d4842779f9482e4d76faa6e7b48d1b0b4e955ec9bf1b2c0d5e62c967a79ea73bc90f39831567a4b308ea7261dd3d47"

[p2p]
path = "../../../wit/deps/p2p"
sha256 = "42c6f430fb15262f1e50403ac2cbcbb4539727b55095467c7b33acb1665acd68"
sha512 = "7860d673d106e9feb72d6d480024d2148b5ab523d21443352ba559b1c435244827b7d59df02beeb4581c1d19e318d9e3b7f407577efd97bb12baf1dc93ad40e0"

[signature]
path = "../../../wit/deps/signature"
sha256 = "bc8c6653f36af2d07b99448642427fd0433a8a94faca820aed308d4c5efe16d3"
sha512 = "ee970e8f6c9effb3321c63c95f147cc957fb11939ea27be5f5a3b678023e13aa07a2bba3539365ec96f72c8ec2ae135727081bfdf0c79bd73bc6ae2eecd22761"

[wrpc]
path = "../../../wit/deps/wrpc"
sha256 = "c0d3a8d5a2f34bea2ea1b326ea0f61221c430c98c08a8dd8f10d50bf1be63590"
sha512 = "2c802498676465a250c33cf557d104d0b2744affe3ab9e8f91b913e86e69835a9a78ab67b5bca658b431d35655eaa9c5e492f58abf9f54cd03ff1b223dd5e103"
