[blobstore]
path = "../../../wit/deps/blobstore"
sha256 = "c8c2a48624fc4ef3ede596ab6c6440d5a452ba01e80583da16e278d5015a793b"
sha512 = "7da7b07241b23d1142d26cc019c9394000e8666e66d8a10ee0354e4aaf400c9a545e006c08e60bc80614a78bb561a0508f74ad7baddae24840adf76813cec389"

[docdb]
path = "../../../wit/deps/docdb"
sha256 = "b4de9729bc3d327adedf9fc3d0c8412c542347d92f05e3a5ca3d623a72b84105"
sha512 = "41c044d8a477136eaa2e1cea34df8df7abea4c8b2073703ef2383c7d442060689e68c91992e6fde959a2f7018f49d18714fbaa14841616af05bab81df37fbee9"

[io]
path = "../../../wit/deps/io"
sha256 = "7210e5653539a15478f894d4da24cc69d61924cbcba21d2804d69314a88e5a4c"
sha512 = "49184a1b0945a889abd52d25271172ed3dc2db6968fcdddb1bab7ee0081f4a3eeee0977ad2291126a37631c0d86eeea75d822fa8af224c422134500bf9f0f2bb"

[keyvalue]
path = "../../../wit/deps/keyvalue"
sha256 = "d2de617fe31ec0abc6072f75f97dd22bf95b3231d5b3111471d73871df9081cd"
sha512 = "6f0b4e44c684d760c54552e2bde9bc976e0a4f6525fc1d47acb98625e030847276436242f42a41f4da1bb9169fb2968c53d659d61af9b2f709f4eb6f9880e2c7"

[messaging]
path = "../../../wit/deps/messaging"
sha256 = "48f1ad572cac29c517276b1f365814f5ef98cc38934185bddab0024674962dd5"
sha512 = "4f22bf94cb3251a2ae5df2d309bbec0b70d7aa78d775ea83b87bd8f376ee905cf5931ebfabe4a6359f5bc867f2d175777ffc42c082bc8cf41555fa73c8b66ca2"

[p2p]
path = "../../../wit/deps/p2p"
sha256 = "414d0b84e05f092ea3fe0b4783d45f23eae2d944a7298fa428d2943b4e9e6624"
sha512 = "70ed904f1d72156e75b5bcb2f57cd1e946bfa55e4a6936ca53cb7c60a6bfe55d26fa55d64485e6a5c85eb61434808e9bd8d781f93a8764bf5b75cb9880b6ea5d"

[signature]
path = "../../../wit/deps/signature"
sha256 = "7826fc73bb8cf1db2c687d5b188501b11f7821a1daa1bcfeae045d0c5a30eadc"
sha512 = "7b0eff9f2d2f8772c58d582fd8b5980b0e52decd6da61442450d16c7be2b72f6e9b2a450857aab89131cd7419b40bc072b22afdca2979f5418311cf625681632"

[wrpc]
path = "../../../wit/deps/wrpc"
sha256 = "fc643bccbc5d0808da3b004ae355dc3cda4ebb5a97c0e6c324e942735984e1b1"
sha512 = "73423908dde93bc0f41f6f9db20e329c5e3825b78c13a5b74961441e97c6f355980a72d0782329a25faf6b21b2cff6c4ca18f039ee98ce95ebc933621d661c5c"
