[blobstore]
url = "https://github.com/WebAssembly/wasi-blobstore/archive/main.tar.gz"
sha256 = "c7ea6547bf52fe3bbf5e9e2d7f06ac99ce87ed95ec11579a03d9b8d895b5be12"
sha512 = "7540f24272901a12bf65c12a6db3636c87d8ff9f8cdfe6c8a4fcdbd426feabec00688bf27c60d8a390461009ece4b7a18b8c814c7af8866e865583c676182a23"

[clocks]
url = "https://github.com/WebAssembly/wasi-clocks/archive/main.tar.gz"
sha256 = "59b8db7b6f3f8a72418510453c1fa9e437c7c7c2369c0bd5da83aa5d6d1d9b73"
sha512 = "06ce14bbf34d5588ed0c26bd932d46b3025c16723d5b4558def5b8107781b2251471c1f7170640342e3d4f78efb560d5ff6383c6a127c1d9e757e83db31a0185"

[io]
url = "https://github.com/WebAssembly/wasi-io/archive/main.tar.gz"
sha256 = "0f5187f86b360d90613fc11922001746b872c1df4583d5f35b6b6f1720ae4822"
sha512 = "b5b1474d0eaccf9d30e08f680474652f38da0baff4ac7a3dc945606ab35367fab4dd125e42c2da86c5a317711f60f1f8d0cfbba1e5f84490b40c8ef5e5572900"

[keyvalue]
url = "https://github.com/WebAssembly/wasi-keyvalue/archive/main.tar.gz"
sha256 = "7eaf2e10af6e2de6d5a168893e2656c6685de2009bd37fdc944859f5a6753e55"
sha512 = "ecf0dd2e0b6e5f62c2e10673cc8c2aab86c532f8b19c984fe2ecd9306e9a5c2783183143274477cc4fb3b037b2db2817f248a6bf84b3279180ca4dba832bf5dc"

[messaging]
url = "https://github.com/WebAssembly/wasi-messaging/archive/main.tar.gz"
sha256 = "602487d60c3830fb4fcedcf933cdd6c20411a1a3dcb14db4c5b512f924532f3a"
sha512 = "dfa9dc4062bad38bcff956aa8ef7b6a056912a2d865167953fbb3ec783b490347f443543f13c4a609c308fb054b75121937148266d178fac0b66d05826d32e44"

[otel]
url = "https://github.com/calebschoepp/wasi-otel/archive/main.tar.gz"
sha256 = "2e5f8e6a3c63ea5cb8e05599e035e9577572b2ceb0f90fce5945938e53742444"
sha512 = "0337941b694b16e3a1c0dff42d30953e08f06fcb1fa46a9ec9a30ec6f5a9edf0b3aae16ed831b0a972da852b76843f524d7055c25162d2c4154f59cead910741"
deps = ["example-dep"]

[sql]
url = "https://github.com/WebAssembly/wasi-sql/archive/main.tar.gz"
sha256 = "b059c4b9951f656e24af3eff9f3dfedd2e45ffa3462bf5ddc17d8c51f757c315"
sha512 = "cda940f0c995286ed6286ca40706e1811db1fc451f223b63db55edbf47deadff80e5be9fdef3fb3d307161df1671cbca399c6af2006a3498030b0d61bb5a0de1"
