[blobstore]
url = "https://github.com/WebAssembly/wasi-blobstore/archive/main.tar.gz"
sha256 = "c7ea6547bf52fe3bbf5e9e2d7f06ac99ce87ed95ec11579a03d9b8d895b5be12"
sha512 = "7540f24272901a12bf65c12a6db3636c87d8ff9f8cdfe6c8a4fcdbd426feabec00688bf27c60d8a390461009ece4b7a18b8c814c7af8866e865583c676182a23"
deps = ["io"]

[io]
sha256 = "6d8dbfaaaa685167c1829616dc7265f5f3cb776845879555612d56544f6d9bfc"
sha512 = "52219562c4183503169cd2947b8164e1c96974500a5adf15bbf382c5992a10a626cc89c3b319204aeda6698ce59cbca2c42f98f7fde296aa77b9db4b41154dbe"

[keyvalue]
url = "https://github.com/WebAssembly/wasi-keyvalue/archive/main.tar.gz"
sha256 = "7eaf2e10af6e2de6d5a168893e2656c6685de2009bd37fdc944859f5a6753e55"
sha512 = "ecf0dd2e0b6e5f62c2e10673cc8c2aab86c532f8b19c984fe2ecd9306e9a5c2783183143274477cc4fb3b037b2db2817f248a6bf84b3279180ca4dba832bf5dc"

[messaging]
url = "https://github.com/WebAssembly/wasi-messaging/archive/main.tar.gz"
sha256 = "602487d60c3830fb4fcedcf933cdd6c20411a1a3dcb14db4c5b512f924532f3a"
sha512 = "dfa9dc4062bad38bcff956aa8ef7b6a056912a2d865167953fbb3ec783b490347f443543f13c4a609c308fb054b75121937148266d178fac0b66d05826d32e44"

[sql]
url = "https://github.com/WebAssembly/wasi-sql/archive/main.tar.gz"
sha256 = "b059c4b9951f656e24af3eff9f3dfedd2e45ffa3462bf5ddc17d8c51f757c315"
sha512 = "cda940f0c995286ed6286ca40706e1811db1fc451f223b63db55edbf47deadff80e5be9fdef3fb3d307161df1671cbca399c6af2006a3498030b0d61bb5a0de1"
